# @generated by Move, please check-in and do not edit manually.

[move]
version = 3
manifest_digest = "B37376C8B5E0B0FEA663DE65CAC611E0E69D41EA4344A0D88C5A81D11D1EBB5F"
deps_digest = "F8BBB0CCB2491CA29A3DF03D6F92277A4F3574266507ACD77214D37ECA3F3082"
dependencies = [
  { id = "Sui", name = "Sui" },
]

[[move.package]]
id = "MoveStdlib"
source = { git = "https://github.com/MystenLabs/sui.git", rev = "devnet", subdir = "crates\\sui-framework\\packages\\move-stdlib" }

[[move.package]]
id = "Sui"
source = { git = "https://github.com/MystenLabs/sui.git", rev = "devnet", subdir = "crates/sui-framework/packages/sui-framework" }

dependencies = [
  { id = "MoveStdlib", name = "MoveStdlib" },
]

[move.toolchain-version]
compiler-version = "1.48.0"
edition = "legacy"
flavor = "sui"

[env]

[env.testnet]
chain-id = "4c78adac"
original-published-id = "0xc65e705ddf9438293b11072db983ce1aa77f36ae80cd1f9f888653851500ee1a"
latest-published-id = "0xc65e705ddf9438293b11072db983ce1aa77f36ae80cd1f9f888653851500ee1a"
published-version = "1"
