# @generated by Move, please check-in and do not edit manually.

[move]
version = 3
manifest_digest = "5B3470ADD575064302D902FBF0AD0CB83381109E5DC1E729CCEE18B705DE5496"
deps_digest = "F8BBB0CCB2491CA29A3DF03D6F92277A4F3574266507ACD77214D37ECA3F3082"
dependencies = [
  { id = "Sui", name = "Sui" },
]

[[move.package]]
id = "MoveStdlib"
source = { local = "/mnt/e/home/asta/sui/crates/sui-framework/packages/move-stdlib" }

[[move.package]]
id = "Sui"
source = { local = "/mnt/e/home/asta/sui/crates/sui-framework/packages/sui-framework" }

dependencies = [
  { id = "MoveStdlib", name = "MoveStdlib" },
]

[move.toolchain-version]
compiler-version = "1.48.2"
edition = "legacy"
flavor = "sui"

[env]

[env.testnet]
chain-id = "4c78adac"
original-published-id = "0xa134ddb71eefd53652a1161f46041e56f1264370851eea84e03dc7fc2fcaab4e"
latest-published-id = "0xa134ddb71eefd53652a1161f46041e56f1264370851eea84e03dc7fc2fcaab4e"
published-version = "1"
